// !$*UTF8*$!
{
	archiveVersion = 1;
	classes = {
	};
	objectVersion = 48;
	objects = {

/* Begin PBXBuildFile section */
		4AD43D9E1FFDCE08004BCAD0 /* AppDelegate.swift in Sources */ = {isa = PBXBuildFile; fileRef = 4AD43D9D1FFDCE08004BCAD0 /* AppDelegate.swift */; };
		4AD43DA01FFDCE08004BCAD0 /* ViewController.swift in Sources */ = {isa = PBXBuildFile; fileRef = 4AD43D9F1FFDCE08004BCAD0 /* ViewController.swift */; };
		4AD43DA31FFDCE08004BCAD0 /* Main.storyboard in Resources */ = {isa = PBXBuildFile; fileRef = 4AD43DA11FFDCE08004BCAD0 /* Main.storyboard */; };
		4AD43DA51FFDCE08004BCAD0 /* Assets.xcassets in Resources */ = {isa = PBXBuildFile; fileRef = 4AD43DA41FFDCE08004BCAD0 /* Assets.xcassets */; };
		4AD43DA81FFDCE08004BCAD0 /* LaunchScreen.storyboard in Resources */ = {isa = PBXBuildFile; fileRef = 4AD43DA61FFDCE08004BCAD0 /* LaunchScreen.storyboard */; };
		4AD43DB31FFDCE08004BCAD0 /* PitchPerfectTests.swift in Sources */ = {isa = PBXBuildFile; fileRef = 4AD43DB21FFDCE08004BCAD0 /* PitchPerfectTests.swift */; };
		4AD43DBE1FFDCE08004BCAD0 /* PitchPerfectUITests.swift in Sources */ = {isa = PBXBuildFile; fileRef = 4AD43DBD1FFDCE08004BCAD0 /* PitchPerfectUITests.swift */; };
/* End PBXBuildFile section */

/* Begin PBXContainerItemProxy section */
		4AD43DAF1FFDCE08004BCAD0 /* PBXContainerItemProxy */ = {
			isa = PBXContainerItemProxy;
			containerPortal = 4AD43D921FFDCE07004BCAD0 /* Project object */;
			proxyType = 1;
			remoteGlobalIDString = 4AD43D991FFDCE07004BCAD0;
			remoteInfo = PitchPerfect;
		};
		4AD43DBA1FFDCE08004BCAD0 /* PBXContainerItemProxy */ = {
			isa = PBXContainerItemProxy;
			containerPortal = 4AD43D921FFDCE07004BCAD0 /* Project object */;
			proxyType = 1;
			remoteGlobalIDString = 4AD43D991FFDCE07004BCAD0;
			remoteInfo = PitchPerfect;
		};
/* End PBXContainerItemProxy section */

/* Begin PBXFileReference section */
		4AD43D9A1FFDCE07004BCAD0 /* PitchPerfect.app */ = {isa = PBXFileReference; explicitFileType = wrapper.application; includeInIndex = 0; path = PitchPerfect.app; sourceTree = BUILT_PRODUCTS_DIR; };
		4AD43D9D1FFDCE08004BCAD0 /* AppDelegate.swift */ = {isa = PBXFileReference; lastKnownFileType = sourcecode.swift; path = AppDelegate.swift; sourceTree = "<group>"; };
		4AD43D9F1FFDCE08004BCAD0 /* ViewController.swift */ = {isa = PBXFileReference; lastKnownFileType = sourcecode.swift; path = ViewController.swift; sourceTree = "<group>"; };
		4AD43DA21FFDCE08004BCAD0 /* Base */ = {isa = PBXFileReference; lastKnownFileType = file.storyboard; name = Base; path = Base.lproj/Main.storyboard; sourceTree = "<group>"; };
		4AD43DA41FFDCE08004BCAD0 /* Assets.xcassets */ = {isa = PBXFileReference; lastKnownFileType = folder.assetcatalog; path = Assets.xcassets; sourceTree = "<group>"; };
		4AD43DA71FFDCE08004BCAD0 /* Base */ = {isa = PBXFileReference; lastKnownFileType = file.storyboard; name = Base; path = Base.lproj/LaunchScreen.storyboard; sourceTree = "<group>"; };
		4AD43DA91FFDCE08004BCAD0 /* Info.plist */ = {isa = PBXFileReference; lastKnownFileType = text.plist.xml; path = Info.plist; sourceTree = "<group>"; };
		4AD43DAE1FFDCE08004BCAD0 /* PitchPerfectTests.xctest */ = {isa = PBXFileReference; explicitFileType = wrapper.cfbundle; includeInIndex = 0; path = PitchPerfectTests.xctest; sourceTree = BUILT_PRODUCTS_DIR; };
		4AD43DB21FFDCE08004BCAD0 /* PitchPerfectTests.swift */ = {isa = PBXFileReference; lastKnownFileType = sourcecode.swift; path = PitchPerfectTests.swift; sourceTree = "<group>"; };
		4AD43DB41FFDCE08004BCAD0 /* Info.plist */ = {isa = PBXFileReference; lastKnownFileType = text.plist.xml; path = Info.plist; sourceTree = "<group>"; };
		4AD43DB91FFDCE08004BCAD0 /* PitchPerfectUITests.xctest */ = {isa = PBXFileReference; explicitFileType = wrapper.cfbundle; includeInIndex = 0; path = PitchPerfectUITests.xctest; sourceTree = BUILT_PRODUCTS_DIR; };
		4AD43DBD1FFDCE08004BCAD0 /* PitchPerfectUITests.swift */ = {isa = PBXFileReference; lastKnownFileType = sourcecode.swift; path = PitchPerfectUITests.swift; sourceTree = "<group>"; };
		4AD43DBF1FFDCE08004BCAD0 /* Info.plist */ = {isa = PBXFileReference; lastKnownFileType = text.plist.xml; path = Info.plist; sourceTree = "<group>"; };
/* End PBXFileReference section */

/* Begin PBXFrameworksBuildPhase section */
		4AD43D971FFDCE07004BCAD0 /* Frameworks */ = {
			isa = PBXFrameworksBuildPhase;
			buildActionMask = 2147483647;
			files = (
			);
			runOnlyForDeploymentPostprocessing = 0;
		};
		4AD43DAB1FFDCE08004BCAD0 /* Frameworks */ = {
			isa = PBXFrameworksBuildPhase;
			buildActionMask = 2147483647;
			files = (
			);
			runOnlyForDeploymentPostprocessing = 0;
		};
		4AD43DB61FFDCE08004BCAD0 /* Frameworks */ = {
			isa = PBXFrameworksBuildPhase;
			buildActionMask = 2147483647;
			files = (
			);
			runOnlyForDeploymentPostprocessing = 0;
		};
/* End PBXFrameworksBuildPhase section */

/* Begin PBXGroup section */
		4AD43D911FFDCE07004BCAD0 = {
			isa = PBXGroup;
			children = (
				4AD43D9C1FFDCE07004BCAD0 /* PitchPerfect */,
				4AD43DB11FFDCE08004BCAD0 /* PitchPerfectTests */,
				4AD43DBC1FFDCE08004BCAD0 /* PitchPerfectUITests */,
				4AD43D9B1FFDCE07004BCAD0 /* Products */,
			);
			sourceTree = "<group>";
		};
		4AD43D9B1FFDCE07004BCAD0 /* Products */ = {
			isa = PBXGroup;
			children = (
				4AD43D9A1FFDCE07004BCAD0 /* PitchPerfect.app */,
				4AD43DAE1FFDCE08004BCAD0 /* PitchPerfectTests.xctest */,
				4AD43DB91FFDCE08004BCAD0 /* PitchPerfectUITests.xctest */,
			);
			name = Products;
			sourceTree = "<group>";
		};
		4AD43D9C1FFDCE07004BCAD0 /* PitchPerfect */ = {
			isa = PBXGroup;
			children = (
				4AD43D9D1FFDCE08004BCAD0 /* AppDelegate.swift */,
				4AD43D9F1FFDCE08004BCAD0 /* ViewController.swift */,
				4AD43DA11FFDCE08004BCAD0 /* Main.storyboard */,
				4AD43DA41FFDCE08004BCAD0 /* Assets.xcassets */,
				4AD43DA61FFDCE08004BCAD0 /* LaunchScreen.storyboard */,
				4AD43DA91FFDCE08004BCAD0 /* Info.plist */,
			);
			path = PitchPerfect;
			sourceTree = "<group>";
		};
		4AD43DB11FFDCE08004BCAD0 /* PitchPerfectTests */ = {
			isa = PBXGroup;
			children = (
				4AD43DB21FFDCE08004BCAD0 /* PitchPerfectTests.swift */,
				4AD43DB41FFDCE08004BCAD0 /* Info.plist */,
			);
			path = PitchPerfectTests;
			sourceTree = "<group>";
		};
		4AD43DBC1FFDCE08004BCAD0 /* PitchPerfectUITests */ = {
			isa = PBXGroup;
			children = (
				4AD43DBD1FFDCE08004BCAD0 /* PitchPerfectUITests.swift */,
				4AD43DBF1FFDCE08004BCAD0 /* Info.plist */,
			);
			path = PitchPerfectUITests;
			sourceTree = "<group>";
		};
/* End PBXGroup section */

/* Begin PBXNativeTarget section */
		4AD43D991FFDCE07004BCAD0 /* PitchPerfect */ = {
			isa = PBXNativeTarget;
			buildConfigurationList = 4AD43DC21FFDCE08004BCAD0 /* Build configuration list for PBXNativeTarget "PitchPerfect" */;
			buildPhases = (
				4AD43D961FFDCE07004BCAD0 /* Sources */,
				4AD43D971FFDCE07004BCAD0 /* Frameworks */,
				4AD43D981FFDCE07004BCAD0 /* Resources */,
			);
			buildRules = (
			);
			dependencies = (
			);
			name = PitchPerfect;
			productName = PitchPerfect;
			productReference = 4AD43D9A1FFDCE07004BCAD0 /* PitchPerfect.app */;
			productType = "com.apple.product-type.application";
		};
		4AD43DAD1FFDCE08004BCAD0 /* PitchPerfectTests */ = {
			isa = PBXNativeTarget;
			buildConfigurationList = 4AD43DC51FFDCE08004BCAD0 /* Build configuration list for PBXNativeTarget "PitchPerfectTests" */;
			buildPhases = (
				4AD43DAA1FFDCE08004BCAD0 /* Sources */,
				4AD43DAB1FFDCE08004BCAD0 /* Frameworks */,
				4AD43DAC1FFDCE08004BCAD0 /* Resources */,
			);
			buildRules = (
			);
			dependencies = (
				4AD43DB01FFDCE08004BCAD0 /* PBXTargetDependency */,
			);
			name = PitchPerfectTests;
			productName = PitchPerfectTests;
			productReference = 4AD43DAE1FFDCE08004BCAD0 /* PitchPerfectTests.xctest */;
			productType = "com.apple.product-type.bundle.unit-test";
		};
		4AD43DB81FFDCE08004BCAD0 /* PitchPerfectUITests */ = {
			isa = PBXNativeTarget;
			buildConfigurationList = 4AD43DC81FFDCE08004BCAD0 /* Build configuration list for PBXNativeTarget "PitchPerfectUITests" */;
			buildPhases = (
				4AD43DB51FFDCE08004BCAD0 /* Sources */,
				4AD43DB61FFDCE08004BCAD0 /* Frameworks */,
				4AD43DB71FFDCE08004BCAD0 /* Resources */,
			);
			buildRules = (
			);
			dependencies = (
				4AD43DBB1FFDCE08004BCAD0 /* PBXTargetDependency */,
			);
			name = PitchPerfectUITests;
			productName = PitchPerfectUITests;
			productReference = 4AD43DB91FFDCE08004BCAD0 /* PitchPerfectUITests.xctest */;
			productType = "com.apple.product-type.bundle.ui-testing";
		};
/* End PBXNativeTarget section */

/* Begin PBXProject section */
		4AD43D921FFDCE07004BCAD0 /* Project object */ = {
			isa = PBXProject;
			attributes = {
				LastSwiftUpdateCheck = 0920;
				LastUpgradeCheck = 0920;
				ORGANIZATIONNAME = "Max Boguslavskiy";
				TargetAttributes = {
					4AD43D991FFDCE07004BCAD0 = {
						CreatedOnToolsVersion = 9.2;
						ProvisioningStyle = Automatic;
					};
					4AD43DAD1FFDCE08004BCAD0 = {
						CreatedOnToolsVersion = 9.2;
						ProvisioningStyle = Automatic;
						TestTargetID = 4AD43D991FFDCE07004BCAD0;
					};
					4AD43DB81FFDCE08004BCAD0 = {
						CreatedOnToolsVersion = 9.2;
						ProvisioningStyle = Automatic;
						TestTargetID = 4AD43D991FFDCE07004BCAD0;
					};
				};
			};
			buildConfigurationList = 4AD43D951FFDCE07004BCAD0 /* Build configuration list for PBXProject "PitchPerfect" */;
			compatibilityVersion = "Xcode 8.0";
			developmentRegion = en;
			hasScannedForEncodings = 0;
			knownRegions = (
				en,
				Base,
			);
			mainGroup = 4AD43D911FFDCE07004BCAD0;
			productRefGroup = 4AD43D9B1FFDCE07004BCAD0 /* Products */;
			projectDirPath = "";
			projectRoot = "";
			targets = (
				4AD43D991FFDCE07004BCAD0 /* PitchPerfect */,
				4AD43DAD1FFDCE08004BCAD0 /* PitchPerfectTests */,
				4AD43DB81FFDCE08004BCAD0 /* PitchPerfectUITests */,
			);
		};
/* End PBXProject section */

/* Begin PBXResourcesBuildPhase section */
		4AD43D981FFDCE07004BCAD0 /* Resources */ = {
			isa = PBXResourcesBuildPhase;
			buildActionMask = 2147483647;
			files = (
				4AD43DA81FFDCE08004BCAD0 /* LaunchScreen.storyboard in Resources */,
				4AD43DA51FFDCE08004BCAD0 /* Assets.xcassets in Resources */,
				4AD43DA31FFDCE08004BCAD0 /* Main.storyboard in Resources */,
			);
			runOnlyForDeploymentPostprocessing = 0;
		};
		4AD43DAC1FFDCE08004BCAD0 /* Resources */ = {
			isa = PBXResourcesBuildPhase;
			buildActionMask = 2147483647;
			files = (
			);
			runOnlyForDeploymentPostprocessing = 0;
		};
		4AD43DB71FFDCE08004BCAD0 /* Resources */ = {
			isa = PBXResourcesBuildPhase;
			buildActionMask = 2147483647;
			files = (
			);
			runOnlyForDeploymentPostprocessing = 0;
		};
/* End PBXResourcesBuildPhase section */

/* Begin PBXSourcesBuildPhase section */
		4AD43D961FFDCE07004BCAD0 /* Sources */ = {
			isa = PBXSourcesBuildPhase;
			buildActionMask = 2147483647;
			files = (
				4AD43DA01FFDCE08004BCAD0 /* ViewController.swift in Sources */,
				4AD43D9E1FFDCE08004BCAD0 /* AppDelegate.swift in Sources */,
			);
			runOnlyForDeploymentPostprocessing = 0;
		};
		4AD43DAA1FFDCE08004BCAD0 /* Sources */ = {
			isa = PBXSourcesBuildPhase;
			buildActionMask = 2147483647;
			files = (
				4AD43DB31FFDCE08004BCAD0 /* PitchPerfectTests.swift in Sources */,
			);
			runOnlyForDeploymentPostprocessing = 0;
		};
		4AD43DB51FFDCE08004BCAD0 /* Sources */ = {
			isa = PBXSourcesBuildPhase;
			buildActionMask = 2147483647;
			files = (
				4AD43DBE1FFDCE08004BCAD0 /* PitchPerfectUITests.swift in Sources */,
			);
			runOnlyForDeploymentPostprocessing = 0;
		};
/* End PBXSourcesBuildPhase section */

/* Begin PBXTargetDependency section */
		4AD43DB01FFDCE08004BCAD0 /* PBXTargetDependency */ = {
			isa = PBXTargetDependency;
			target = 4AD43D991FFDCE07004BCAD0 /* PitchPerfect */;
			targetProxy = 4AD43DAF1FFDCE08004BCAD0 /* PBXContainerItemProxy */;
		};
		4AD43DBB1FFDCE08004BCAD0 /* PBXTargetDependency */ = {
			isa = PBXTargetDependency;
			target = 4AD43D991FFDCE07004BCAD0 /* PitchPerfect */;
			targetProxy = 4AD43DBA1FFDCE08004BCAD0 /* PBXContainerItemProxy */;
		};
/* End PBXTargetDependency section */

/* Begin PBXVariantGroup section */
		4AD43DA11FFDCE08004BCAD0 /* Main.storyboard */ = {
			isa = PBXVariantGroup;
			children = (
				4AD43DA21FFDCE08004BCAD0 /* Base */,
			);
			name = Main.storyboard;
			sourceTree = "<group>";
		};
		4AD43DA61FFDCE08004BCAD0 /* LaunchScreen.storyboard */ = {
			isa = PBXVariantGroup;
			children = (
				4AD43DA71FFDCE08004BCAD0 /* Base */,
			);
			name = LaunchScreen.storyboard;
			sourceTree = "<group>";
		};
/* End PBXVariantGroup section */

/* Begin XCBuildConfiguration section */
		4AD43DC01FFDCE08004BCAD0 /* Debug */ = {
			isa = XCBuildConfiguration;
			buildSettings = {
				ALWAYS_SEARCH_USER_PATHS = NO;
				CLANG_ANALYZER_NONNULL = YES;
				CLANG_ANALYZER_NUMBER_OBJECT_CONVERSION = YES_AGGRESSIVE;
				CLANG_CXX_LANGUAGE_STANDARD = "gnu++14";
				CLANG_CXX_LIBRARY = "libc++";
				CLANG_ENABLE_MODULES = YES;
				CLANG_ENABLE_OBJC_ARC = YES;
				CLANG_WARN_BLOCK_CAPTURE_AUTORELEASING = YES;
				CLANG_WARN_BOOL_CONVERSION = YES;
				CLANG_WARN_COMMA = YES;
				CLANG_WARN_CONSTANT_CONVERSION = YES;
				CLANG_WARN_DIRECT_OBJC_ISA_USAGE = YES_ERROR;
				CLANG_WARN_DOCUMENTATION_COMMENTS = YES;
				CLANG_WARN_EMPTY_BODY = YES;
				CLANG_WARN_ENUM_CONVERSION = YES;
				CLANG_WARN_INFINITE_RECURSION = YES;
				CLANG_WARN_INT_CONVERSION = YES;
				CLANG_WARN_NON_LITERAL_NULL_CONVERSION = YES;
				CLANG_WARN_OBJC_LITERAL_CONVERSION = YES;
				CLANG_WARN_OBJC_ROOT_CLASS = YES_ERROR;
				CLANG_WARN_RANGE_LOOP_ANALYSIS = YES;
				CLANG_WARN_STRICT_PROTOTYPES = YES;
				CLANG_WARN_SUSPICIOUS_MOVE = YES;
				CLANG_WARN_UNGUARDED_AVAILABILITY = YES_AGGRESSIVE;
				CLANG_WARN_UNREACHABLE_CODE = YES;
				CLANG_WARN__DUPLICATE_METHOD_MATCH = YES;
				CODE_SIGN_IDENTITY = "iPhone Developer";
				COPY_PHASE_STRIP = NO;
				DEBUG_INFORMATION_FORMAT = dwarf;
				ENABLE_STRICT_OBJC_MSGSEND = YES;
				ENABLE_TESTABILITY = YES;
				GCC_C_LANGUAGE_STANDARD = gnu11;
				GCC_DYNAMIC_NO_PIC = NO;
				GCC_NO_COMMON_BLOCKS = YES;
				GCC_OPTIMIZATION_LEVEL = 0;
				GCC_PREPROCESSOR_DEFINITIONS = (
					"DEBUG=1",
					"$(inherited)",
				);
				GCC_WARN_64_TO_32_BIT_CONVERSION = YES;
				GCC_WARN_ABOUT_RETURN_TYPE = YES_ERROR;
				GCC_WARN_UNDECLARED_SELECTOR = YES;
				GCC_WARN_UNINITIALIZED_AUTOS = YES_AGGRESSIVE;
				GCC_WARN_UNUSED_FUNCTION = YES;
				GCC_WARN_UNUSED_VARIABLE = YES;
				IPHONEOS_DEPLOYMENT_TARGET = 11.2;
				MTL_ENABLE_DEBUG_INFO = YES;
				ONLY_ACTIVE_ARCH = YES;
				SDKROOT = iphoneos;
				SWIFT_ACTIVE_COMPILATION_CONDITIONS = DEBUG;
				SWIFT_OPTIMIZATION_LEVEL = "-Onone";
			};
			name = Debug;
		};
		4AD43DC11FFDCE08004BCAD0 /* Release */ = {
			isa = XCBuildConfiguration;
			buildSettings = {
				ALWAYS_SEARCH_USER_PATHS = NO;
				CLANG_ANALYZER_NONNULL = YES;
				CLANG_ANALYZER_NUMBER_OBJECT_CONVERSION = YES_AGGRESSIVE;
				CLANG_CXX_LANGUAGE_STANDARD = "gnu++14";
				CLANG_CXX_LIBRARY = "libc++";
				CLANG_ENABLE_MODULES = YES;
				CLANG_ENABLE_OBJC_ARC = YES;
				CLANG_WARN_BLOCK_CAPTURE_AUTORELEASING = YES;
				CLANG_WARN_BOOL_CONVERSION = YES;
				CLANG_WARN_COMMA = YES;
				CLANG_WARN_CONSTANT_CONVERSION = YES;
				CLANG_WARN_DIRECT_OBJC_ISA_USAGE = YES_ERROR;
				CLANG_WARN_DOCUMENTATION_COMMENTS = YES;
				CLANG_WARN_EMPTY_BODY = YES;
				CLANG_WARN_ENUM_CONVERSION = YES;
				CLANG_WARN_INFINITE_RECURSION = YES;
				CLANG_WARN_INT_CONVERSION = YES;
				CLANG_WARN_NON_LITERAL_NULL_CONVERSION = YES;
				CLANG_WARN_OBJC_LITERAL_CONVERSION = YES;
				CLANG_WARN_OBJC_ROOT_CLASS = YES_ERROR;
				CLANG_WARN_RANGE_LOOP_ANALYSIS = YES;
				CLANG_WARN_STRICT_PROTOTYPES = YES;
				CLANG_WARN_SUSPICIOUS_MOVE = YES;
				CLANG_WARN_UNGUARDED_AVAILABILITY = YES_AGGRESSIVE;
				CLANG_WARN_UNREACHABLE_CODE = YES;
				CLANG_WARN__DUPLICATE_METHOD_MATCH = YES;
				CODE_SIGN_IDENTITY = "iPhone Developer";
				COPY_PHASE_STRIP = NO;
				DEBUG_INFORMATION_FORMAT = "dwarf-with-dsym";
				ENABLE_NS_ASSERTIONS = NO;
				ENABLE_STRICT_OBJC_MSGSEND = YES;
				GCC_C_LANGUAGE_STANDARD = gnu11;
				GCC_NO_COMMON_BLOCKS = YES;
				GCC_WARN_64_TO_32_BIT_CONVERSION = YES;
				GCC_WARN_ABOUT_RETURN_TYPE = YES_ERROR;
				GCC_WARN_UNDECLARED_SELECTOR = YES;
				GCC_WARN_UNINITIALIZED_AUTOS = YES_AGGRESSIVE;
				GCC_WARN_UNUSED_FUNCTION = YES;
				GCC_WARN_UNUSED_VARIABLE = YES;
				IPHONEOS_DEPLOYMENT_TARGET = 11.2;
				MTL_ENABLE_DEBUG_INFO = NO;
				SDKROOT = iphoneos;
				SWIFT_OPTIMIZATION_LEVEL = "-Owholemodule";
				VALIDATE_PRODUCT = YES;
			};
			name = Release;
		};
		4AD43DC31FFDCE08004BCAD0 /* Debug */ = {
			isa = XCBuildConfiguration;
			buildSettings = {
				ASSETCATALOG_COMPILER_APPICON_NAME = AppIcon;
				CODE_SIGN_STYLE = Automatic;
				DEVELOPMENT_TEAM = XR7776YZ72;
				INFOPLIST_FILE = PitchPerfect/Info.plist;
				LD_RUNPATH_SEARCH_PATHS = "$(inherited) @executable_path/Frameworks";
				PRODUCT_BUNDLE_IDENTIFIER = com.maxbogus.PitchPerfect;
				PRODUCT_NAME = "$(TARGET_NAME)";
				SWIFT_VERSION = 4.0;
				TARGETED_DEVICE_FAMILY = "1,2";
			};
			name = Debug;
		};
		4AD43DC41FFDCE08004BCAD0 /* Release */ = {
			isa = XCBuildConfiguration;
			buildSettings = {
				ASSETCATALOG_COMPILER_APPICON_NAME = AppIcon;
				CODE_SIGN_STYLE = Automatic;
				DEVELOPMENT_TEAM = XR7776YZ72;
				INFOPLIST_FILE = PitchPerfect/Info.plist;
				LD_RUNPATH_SEARCH_PATHS = "$(inherited) @executable_path/Frameworks";
				PRODUCT_BUNDLE_IDENTIFIER = com.maxbogus.PitchPerfect;
				PRODUCT_NAME = "$(TARGET_NAME)";
				SWIFT_VERSION = 4.0;
				TARGETED_DEVICE_FAMILY = "1,2";
			};
			name = Release;
		};
		4AD43DC61FFDCE08004BCAD0 /* Debug */ = {
			isa = XCBuildConfiguration;
			buildSettings = {
				ALWAYS_EMBED_SWIFT_STANDARD_LIBRARIES = YES;
				BUNDLE_LOADER = "$(TEST_HOST)";
				CODE_SIGN_STYLE = Automatic;
				DEVELOPMENT_TEAM = XR7776YZ72;
				INFOPLIST_FILE = PitchPerfectTests/Info.plist;
				LD_RUNPATH_SEARCH_PATHS = "$(inherited) @executable_path/Frameworks @loader_path/Frameworks";
				PRODUCT_BUNDLE_IDENTIFIER = com.maxbogus.PitchPerfectTests;
				PRODUCT_NAME = "$(TARGET_NAME)";
				SWIFT_VERSION = 4.0;
				TARGETED_DEVICE_FAMILY = "1,2";
				TEST_HOST = "$(BUILT_PRODUCTS_DIR)/PitchPerfect.app/PitchPerfect";
			};
			name = Debug;
		};
		4AD43DC71FFDCE08004BCAD0 /* Release */ = {
			isa = XCBuildConfiguration;
			buildSettings = {
				ALWAYS_EMBED_SWIFT_STANDARD_LIBRARIES = YES;
				BUNDLE_LOADER = "$(TEST_HOST)";
				CODE_SIGN_STYLE = Automatic;
				DEVELOPMENT_TEAM = XR7776YZ72;
				INFOPLIST_FILE = PitchPerfectTests/Info.plist;
				LD_RUNPATH_SEARCH_PATHS = "$(inherited) @executable_path/Frameworks @loader_path/Frameworks";
				PRODUCT_BUNDLE_IDENTIFIER = com.maxbogus.PitchPerfectTests;
				PRODUCT_NAME = "$(TARGET_NAME)";
				SWIFT_VERSION = 4.0;
				TARGETED_DEVICE_FAMILY = "1,2";
				TEST_HOST = "$(BUILT_PRODUCTS_DIR)/PitchPerfect.app/PitchPerfect";
			};
			name = Release;
		};
		4AD43DC91FFDCE08004BCAD0 /* Debug */ = {
			isa = XCBuildConfiguration;
			buildSettings = {
				ALWAYS_EMBED_SWIFT_STANDARD_LIBRARIES = YES;
				CODE_SIGN_STYLE = Automatic;
				DEVELOPMENT_TEAM = XR7776YZ72;
				INFOPLIST_FILE = PitchPerfectUITests/Info.plist;
				LD_RUNPATH_SEARCH_PATHS = "$(inherited) @executable_path/Frameworks @loader_path/Frameworks";
				PRODUCT_BUNDLE_IDENTIFIER = com.maxbogus.PitchPerfectUITests;
				PRODUCT_NAME = "$(TARGET_NAME)";
				SWIFT_VERSION = 4.0;
				TARGETED_DEVICE_FAMILY = "1,2";
				TEST_TARGET_NAME = PitchPerfect;
			};
			name = Debug;
		};
		4AD43DCA1FFDCE08004BCAD0 /* Release */ = {
			isa = XCBuildConfiguration;
			buildSettings = {
				ALWAYS_EMBED_SWIFT_STANDARD_LIBRARIES = YES;
				CODE_SIGN_STYLE = Automatic;
				DEVELOPMENT_TEAM = XR7776YZ72;
				INFOPLIST_FILE = PitchPerfectUITests/Info.plist;
				LD_RUNPATH_SEARCH_PATHS = "$(inherited) @executable_path/Frameworks @loader_path/Frameworks";
				PRODUCT_BUNDLE_IDENTIFIER = com.maxbogus.PitchPerfectUITests;
				PRODUCT_NAME = "$(TARGET_NAME)";
				SWIFT_VERSION = 4.0;
				TARGETED_DEVICE_FAMILY = "1,2";
				TEST_TARGET_NAME = PitchPerfect;
			};
			name = Release;
		};
/* End XCBuildConfiguration section */

/* Begin XCConfigurationList section */
		4AD43D951FFDCE07004BCAD0 /* Build configuration list for PBXProject "PitchPerfect" */ = {
			isa = XCConfigurationList;
			buildConfigurations = (
				4AD43DC01FFDCE08004BCAD0 /* Debug */,
				4AD43DC11FFDCE08004BCAD0 /* Release */,
			);
			defaultConfigurationIsVisible = 0;
			defaultConfigurationName = Release;
		};
		4AD43DC21FFDCE08004BCAD0 /* Build configuration list for PBXNativeTarget "PitchPerfect" */ = {
			isa = XCConfigurationList;
			buildConfigurations = (
				4AD43DC31FFDCE08004BCAD0 /* Debug */,
				4AD43DC41FFDCE08004BCAD0 /* Release */,
			);
			defaultConfigurationIsVisible = 0;
			defaultConfigurationName = Release;
		};
		4AD43DC51FFDCE08004BCAD0 /* Build configuration list for PBXNativeTarget "PitchPerfectTests" */ = {
			isa = XCConfigurationList;
			buildConfigurations = (
				4AD43DC61FFDCE08004BCAD0 /* Debug */,
				4AD43DC71FFDCE08004BCAD0 /* Release */,
			);
			defaultConfigurationIsVisible = 0;
			defaultConfigurationName = Release;
		};
		4AD43DC81FFDCE08004BCAD0 /* Build configuration list for PBXNativeTarget "PitchPerfectUITests" */ = {
			isa = XCConfigurationList;
			buildConfigurations = (
				4AD43DC91FFDCE08004BCAD0 /* Debug */,
				4AD43DCA1FFDCE08004BCAD0 /* Release */,
			);
			defaultConfigurationIsVisible = 0;
			defaultConfigurationName = Release;
		};
/* End XCConfigurationList section */
	};
	rootObject = 4AD43D921FFDCE07004BCAD0 /* Project object */;
}
